
Microsoft Visual Studio Solution File, Format Version 12.00
# Visual Studio Version 16
VisualStudioVersion = 16.0.32106.194
MinimumVisualStudioVersion = 10.0.40219.1
Project("{FAE04EC0-301F-11D3-BF4B-00C04F79EFBC}") = "q1", "q1.csproj", "{6B922C98-01F2-4254-A707-82F505FB028F}"
EndProject
Global
	GlobalSection(SolutionConfigurationPlatforms) = preSolution
		Debug|Any CPU = Debug|Any CPU
		Release|Any CPU = Release|Any CPU
	EndGlobalSection
	GlobalSection(ProjectConfigurationPlatforms) = postSolution
		{6B922C98-01F2-4254-A707-82F505FB028F}.Debug|Any CPU.ActiveCfg = Debug|Any CPU
		{6B922C98-01F2-4254-A707-82F505FB028F}.Debug|Any CPU.Build.0 = Debug|Any CPU
		{6B922C98-01F2-4254-A707-82F505FB028F}.Release|Any CPU.ActiveCfg = Release|Any CPU
		{6B922C98-01F2-4254-A707-82F505FB028F}.Release|Any CPU.Build.0 = Release|Any CPU
	EndGlobalSection
	GlobalSection(SolutionProperties) = preSolution
		HideSolutionNode = FALSE
	EndGlobalSection
	GlobalSection(ExtensibilityGlobals) = postSolution
		SolutionGuid = {AB692F32-C750-4762-ABBE-6A968DC6A8BA}
	EndGlobalSection
EndGlobal
