
Microsoft Visual Studio Solution File, Format Version 12.00
# Visual Studio Version 16
VisualStudioVersion = 16.0.32106.194
MinimumVisualStudioVersion = 10.0.40219.1
Project("{FAE04EC0-301F-11D3-BF4B-00C04F79EFBC}") = "q1", "q1.csproj", "{358EC783-7ECA-4B9A-B951-9EA8F76A5CA5}"
EndProject
Global
	GlobalSection(SolutionConfigurationPlatforms) = preSolution
		Debug|Any CPU = Debug|Any CPU
		Release|Any CPU = Release|Any CPU
	EndGlobalSection
	GlobalSection(ProjectConfigurationPlatforms) = postSolution
		{358EC783-7ECA-4B9A-B951-9EA8F76A5CA5}.Debug|Any CPU.ActiveCfg = Debug|Any CPU
		{358EC783-7ECA-4B9A-B951-9EA8F76A5CA5}.Debug|Any CPU.Build.0 = Debug|Any CPU
		{358EC783-7ECA-4B9A-B951-9EA8F76A5CA5}.Release|Any CPU.ActiveCfg = Release|Any CPU
		{358EC783-7ECA-4B9A-B951-9EA8F76A5CA5}.Release|Any CPU.Build.0 = Release|Any CPU
	EndGlobalSection
	GlobalSection(SolutionProperties) = preSolution
		HideSolutionNode = FALSE
	EndGlobalSection
	GlobalSection(ExtensibilityGlobals) = postSolution
		SolutionGuid = {111516C1-C6D8-4835-8F4A-C5408AB476D7}
	EndGlobalSection
EndGlobal
